
Microsoft Visual Studio Solution File, Format Version 12.00
# Visual Studio Version 17
VisualStudioVersion = 17.8.34330.188
MinimumVisualStudioVersion = 10.0.40219.1
Project("{FAE04EC0-301F-11D3-BF4B-00C04F79EFBC}") = "InsitituteAPI", "InsitituteAPI.csproj", "{DC9C4A22-D7CF-4C02-BF27-AFDD3A65C0C7}"
EndProject
Project("{FAE04EC0-301F-11D3-BF4B-00C04F79EFBC}") = "InstituteAPI.BusinessServiceLayer", "..\InstituteAPI.BusinessServiceLayer\InstituteAPI.BusinessServiceLayer.csproj", "{64004083-970E-4598-8FBC-211B078EA89A}"
EndProject
Project("{FAE04EC0-301F-11D3-BF4B-00C04F79EFBC}") = "InstituteAPI.DataAccessServiceLayer", "..\InstituteAPI.DataAccessServiceLayer\InstituteAPI.DataAccessServiceLayer.csproj", "{42BFF17F-5FCA-4906-8213-C9B9A2E88AE9}"
EndProject
Project("{FAE04EC0-301F-11D3-BF4B-00C04F79EFBC}") = "InstituteAPI.Models", "..\InsitituteAPI.Model\InstituteAPI.Models.csproj", "{DEFD4F3F-F6CF-43C6-A936-74C9722C8F20}"
EndProject
Global
	GlobalSection(SolutionConfigurationPlatforms) = preSolution
		Debug|Any CPU = Debug|Any CPU
		Release|Any CPU = Release|Any CPU
	EndGlobalSection
	GlobalSection(ProjectConfigurationPlatforms) = postSolution
		{DC9C4A22-D7CF-4C02-BF27-AFDD3A65C0C7}.Debug|Any CPU.ActiveCfg = Debug|Any CPU
		{DC9C4A22-D7CF-4C02-BF27-AFDD3A65C0C7}.Debug|Any CPU.Build.0 = Debug|Any CPU
		{DC9C4A22-D7CF-4C02-BF27-AFDD3A65C0C7}.Release|Any CPU.ActiveCfg = Release|Any CPU
		{DC9C4A22-D7CF-4C02-BF27-AFDD3A65C0C7}.Release|Any CPU.Build.0 = Release|Any CPU
		{64004083-970E-4598-8FBC-211B078EA89A}.Debug|Any CPU.ActiveCfg = Debug|Any CPU
		{64004083-970E-4598-8FBC-211B078EA89A}.Debug|Any CPU.Build.0 = Debug|Any CPU
		{64004083-970E-4598-8FBC-211B078EA89A}.Release|Any CPU.ActiveCfg = Release|Any CPU
		{64004083-970E-4598-8FBC-211B078EA89A}.Release|Any CPU.Build.0 = Release|Any CPU
		{42BFF17F-5FCA-4906-8213-C9B9A2E88AE9}.Debug|Any CPU.ActiveCfg = Debug|Any CPU
		{42BFF17F-5FCA-4906-8213-C9B9A2E88AE9}.Debug|Any CPU.Build.0 = Debug|Any CPU
		{42BFF17F-5FCA-4906-8213-C9B9A2E88AE9}.Release|Any CPU.ActiveCfg = Release|Any CPU
		{42BFF17F-5FCA-4906-8213-C9B9A2E88AE9}.Release|Any CPU.Build.0 = Release|Any CPU
		{DEFD4F3F-F6CF-43C6-A936-74C9722C8F20}.Debug|Any CPU.ActiveCfg = Debug|Any CPU
		{DEFD4F3F-F6CF-43C6-A936-74C9722C8F20}.Debug|Any CPU.Build.0 = Debug|Any CPU
		{DEFD4F3F-F6CF-43C6-A936-74C9722C8F20}.Release|Any CPU.ActiveCfg = Release|Any CPU
		{DEFD4F3F-F6CF-43C6-A936-74C9722C8F20}.Release|Any CPU.Build.0 = Release|Any CPU
	EndGlobalSection
	GlobalSection(SolutionProperties) = preSolution
		HideSolutionNode = FALSE
	EndGlobalSection
	GlobalSection(ExtensibilityGlobals) = postSolution
		SolutionGuid = {BB8694BB-6D5D-477D-926E-CB89DF694D03}
	EndGlobalSection
EndGlobal
